{
  "lockfile_version": "1",
  "packages": {
    "github:NixOS/nixpkgs/nixpkgs-unstable": {
      "last_modified": "2025-12-29T16:45:58Z",
      "resolved": "github:NixOS/nixpkgs/346dd96ad74dc4457a9db9de4f4f57dab2e5731d?lastModified=1767026758&narHash=sha256-7fsac%2Ff7nh%2FVaKJ%2Fqm3I338%2BwAJa%2F3J57cOGpXi0Sbg%3D"
    },
    "go@latest": {
      "last_modified": "2025-11-23T21:50:36Z",
      "resolved": "github:NixOS/nixpkgs/ee09932cedcef15aaf476f9343d1dea2cb77e261#go",
      "source": "devbox-search",
      "version": "1.25.4",
      "systems": {
        "aarch64-darwin": {
          "outputs": [
            {
              "name": "out",
              "path": "/nix/store/52f5kjcmgmvgrz3rij676b3rjmgg5l5g-go-1.25.4",
              "default": true
            }
          ],
          "store_path": "/nix/store/52f5kjcmgmvgrz3rij676b3rjmgg5l5g-go-1.25.4"
        },
        "aarch64-linux": {
          "outputs": [
            {
              "name": "out",
              "path": "/nix/store/2ajrlmz1qdpm9k9ankhnp3973wxg1gqs-go-1.25.4",
              "default": true
            }
          ],
          "store_path": "/nix/store/2ajrlmz1qdpm9k9ankhnp3973wxg1gqs-go-1.25.4"
        },
        "x86_64-darwin": {
          "outputs": [
            {
              "name": "out",
              "path": "/nix/store/1rqpvp45rl4sr1l0czrlbmv8jqj9sa7r-go-1.25.4",
              "default": true
            }
          ],
          "store_path": "/nix/store/1rqpvp45rl4sr1l0czrlbmv8jqj9sa7r-go-1.25.4"
        },
        "x86_64-linux": {
          "outputs": [
            {
              "name": "out",
              "path": "/nix/store/0a3dyfq09dnkw28ap2i450wjimvdmv6s-go-1.25.4",
              "default": true
            }
          ],
          "store_path": "/nix/store/0a3dyfq09dnkw28ap2i450wjimvdmv6s-go-1.25.4"
        }
      }
    },
    "jq@latest": {
      "last_modified": "2025-12-21T10:48:17Z",
      "resolved": "github:NixOS/nixpkgs/306ea70f9eb0fb4e040f8540e2deab32ed7e2055#jq",
      "source": "devbox-search",
      "version": "1.8.1",
      "systems": {
        "aarch64-darwin": {
          "outputs": [
            {
              "name": "bin",
              "path": "/nix/store/4hy1mm43nvmjpnyfsa80csbsg4wd8691-jq-1.8.1-bin",
              "default": true
            },
            {
              "name": "man",
              "path": "/nix/store/054063ybv64v877qmqd55pl68hri679w-jq-1.8.1-man",
              "default": true
            },
            {
              "name": "out",
              "path": "/nix/store/an0a5rm99xsaj4pqfnlwsnc288rb4chm-jq-1.8.1"
            },
            {
              "name": "dev",
              "path": "/nix/store/1l5dl9d9mcpm7i0r5bhb23xczlfd2i0i-jq-1.8.1-dev"
            },
            {
              "name": "doc",
              "path": "/nix/store/baidiqpr2sqdv59asy5a3gajpfn8sqig-jq-1.8.1-doc"
            }
          ],
          "store_path": "/nix/store/4hy1mm43nvmjpnyfsa80csbsg4wd8691-jq-1.8.1-bin"
        },
        "aarch64-linux": {
          "outputs": [
            {
              "name": "bin",
              "path": "/nix/store/3rmzb92a65vp55dmmzmh2qygq5wkdmb8-jq-1.8.1-bin",
              "default": true
            },
            {
              "name": "man",
              "path": "/nix/store/44gwjhi00hwkpy0csxjnm1h5zcsbvymw-jq-1.8.1-man",
              "default": true
            },
            {
              "name": "dev",
              "path": "/nix/store/xqy22d0ny10bcsczlgg02ni5lgp5zjc8-jq-1.8.1-dev"
            },
            {
              "name": "doc",
              "path": "/nix/store/36zp3bh3q76jq8pix9g9j54v36ddz20n-jq-1.8.1-doc"
            },
            {
              "name": "out",
              "path": "/nix/store/h7qs29xm3i5zq058g0r0a0f8qzwfwpfv-jq-1.8.1"
            }
          ],
          "store_path": "/nix/store/3rmzb92a65vp55dmmzmh2qygq5wkdmb8-jq-1.8.1-bin"
        },
        "x86_64-darwin": {
          "outputs": [
            {
              "name": "bin",
              "path": "/nix/store/0kz2h1wisnvpmavfra6n8fi0x2brhfg6-jq-1.8.1-bin",
              "default": true
            },
            {
              "name": "man",
              "path": "/nix/store/8xvsm6pzpya6jc3vfmxagxj46iz9hix9-jq-1.8.1-man",
              "default": true
            },
            {
              "name": "dev",
              "path": "/nix/store/w96fml250mbz0p0an0f7p6zfblrpz0pn-jq-1.8.1-dev"
            },
            {
              "name": "doc",
              "path": "/nix/store/k388l1qgp6dcn80njl1by9x5i2jy8i0m-jq-1.8.1-doc"
            },
            {
              "name": "out",
              "path": "/nix/store/30wa9jl18hjfi5756chyg4kl1164d5wk-jq-1.8.1"
            }
          ],
          "store_path": "/nix/store/0kz2h1wisnvpmavfra6n8fi0x2brhfg6-jq-1.8.1-bin"
        },
        "x86_64-linux": {
          "outputs": [
            {
              "name": "bin",
              "path": "/nix/store/qvbwz06cqra3cmlra40v0adw75j6j7wm-jq-1.8.1-bin",
              "default": true
            },
            {
              "name": "man",
              "path": "/nix/store/6wpy08grkd8315ad3wsx8dd92cx5n26z-jq-1.8.1-man",
              "default": true
            },
            {
              "name": "out",
              "path": "/nix/store/gs6yqc24w093xsnnz3kkhls8jz7pnffy-jq-1.8.1"
            },
            {
              "name": "dev",
              "path": "/nix/store/jq07r49vk5wa10a1kk2y87nwbbl62qxz-jq-1.8.1-dev"
            },
            {
              "name": "doc",
              "path": "/nix/store/brd1gvvbq8bblpbizmyjhsfwr7nlmvyq-jq-1.8.1-doc"
            }
          ],
          "store_path": "/nix/store/qvbwz06cqra3cmlra40v0adw75j6j7wm-jq-1.8.1-bin"
        }
      }
    },
    "nodejs@latest": {
      "last_modified": "2025-12-21T10:48:17Z",
      "plugin_version": "0.0.2",
      "resolved": "github:NixOS/nixpkgs/306ea70f9eb0fb4e040f8540e2deab32ed7e2055#nodejs_25",
      "source": "devbox-search",
      "version": "25.2.1",
      "systems": {
        "aarch64-darwin": {
          "outputs": [
            {
              "name": "out",
              "path": "/nix/store/ajxskskj35f545fmj96krmr3nkl7m0di-nodejs-25.2.1",
              "default": true
            },
            {
              "name": "dev",
              "path": "/nix/store/fywxvp0nb0ac1rrqh1b2bf6z9d1mg4i9-nodejs-25.2.1-dev"
            },
            {
              "name": "libv8",
              "path": "/nix/store/zxmdjvmhnmvxafzdjlqk59inkalyc32w-nodejs-25.2.1-libv8"
            }
          ],
          "store_path": "/nix/store/ajxskskj35f545fmj96krmr3nkl7m0di-nodejs-25.2.1"
        },
        "aarch64-linux": {
          "outputs": [
            {
              "name": "out",
              "path": "/nix/store/aw0laz6a55b5msgi8lal0jdla2qb2nn1-nodejs-25.2.1",
              "default": true
            },
            {
              "name": "dev",
              "path": "/nix/store/m6acblwai1s839p5g1k9iqirxcfjf1mw-nodejs-25.2.1-dev"
            },
            {
              "name": "libv8",
              "path": "/nix/store/rsw8xhjxzqsxpcwwby8819v44amghf0k-nodejs-25.2.1-libv8"
            }
          ],
          "store_path": "/nix/store/aw0laz6a55b5msgi8lal0jdla2qb2nn1-nodejs-25.2.1"
        },
        "x86_64-darwin": {
          "outputs": [
            {
              "name": "out",
              "path": "/nix/store/8andhdv8bvlnx8935r9qzkzkavbg8yx0-nodejs-25.2.1",
              "default": true
            },
            {
              "name": "dev",
              "path": "/nix/store/2zcdnvf7bm8jkzy9pd3rlihgvz8x7rh4-nodejs-25.2.1-dev"
            },
            {
              "name": "libv8",
              "path": "/nix/store/7c92hcl3b25cn2zc2j2fpffzwrnm2dls-nodejs-25.2.1-libv8"
            }
          ],
          "store_path": "/nix/store/8andhdv8bvlnx8935r9qzkzkavbg8yx0-nodejs-25.2.1"
        },
        "x86_64-linux": {
          "outputs": [
            {
              "name": "out",
              "path": "/nix/store/mky5s5bvvrpfv23fhnmk9ammk1vd70hg-nodejs-25.2.1",
              "default": true
            },
            {
              "name": "dev",
              "path": "/nix/store/x3plz7wk9xkngivkgflq26m5qsd4xyxa-nodejs-25.2.1-dev"
            },
            {
              "name": "libv8",
              "path": "/nix/store/cqxwap3ms2i7rlnyhn53166hsnjmrqvz-nodejs-25.2.1-libv8"
            }
          ],
          "store_path": "/nix/store/mky5s5bvvrpfv23fhnmk9ammk1vd70hg-nodejs-25.2.1"
        }
      }
    },
    "pnpm@latest": {
      "last_modified": "2025-12-09T08:49:39Z",
      "resolved": "github:NixOS/nixpkgs/677fbe97984e7af3175b6c121f3c39ee5c8d62c9#pnpm",
      "source": "devbox-search",
      "version": "10.25.0",
      "systems": {
        "aarch64-darwin": {
          "outputs": [
            {
              "name": "out",
              "path": "/nix/store/nxr10pnynlzqsfcnc4h4zv2724a8i7v8-pnpm-10.25.0",
              "default": true
            }
          ],
          "store_path": "/nix/store/nxr10pnynlzqsfcnc4h4zv2724a8i7v8-pnpm-10.25.0"
        },
        "aarch64-linux": {
          "outputs": [
            {
              "name": "out",
              "path": "/nix/store/h6jf2yyqylcyha37sva2byacp416kzkg-pnpm-10.25.0",
              "default": true
            }
          ],
          "store_path": "/nix/store/h6jf2yyqylcyha37sva2byacp416kzkg-pnpm-10.25.0"
        },
        "x86_64-darwin": {
          "outputs": [
            {
              "name": "out",
              "path": "/nix/store/0wqvnyh0s0yb2117f2j8ry70ckss0ihm-pnpm-10.25.0",
              "default": true
            }
          ],
          "store_path": "/nix/store/0wqvnyh0s0yb2117f2j8ry70ckss0ihm-pnpm-10.25.0"
        },
        "x86_64-linux": {
          "outputs": [
            {
              "name": "out",
              "path": "/nix/store/isajycg2nkxcl798hvdpm3iizayw8alc-pnpm-10.25.0",
              "default": true
            }
          ],
          "store_path": "/nix/store/isajycg2nkxcl798hvdpm3iizayw8alc-pnpm-10.25.0"
        }
      }
    },
    "sqlite@latest": {
      "last_modified": "2025-12-17T01:17:14Z",
      "resolved": "github:NixOS/nixpkgs/af84f9d270d404c17699522fab95bbf928a2d92f#sqlite",
      "source": "devbox-search",
      "version": "3.50.4",
      "systems": {
        "aarch64-darwin": {
          "outputs": [
            {
              "name": "bin",
              "path": "/nix/store/naj6jk5rhajlk9prjkq0v8vag5yd8fjl-sqlite-3.50.4-bin",
              "default": true
            },
            {
              "name": "man",
              "path": "/nix/store/bxlm3vvxhzd2nzi8a0h7icsav53kgbzj-sqlite-3.50.4-man",
              "default": true
            },
            {
              "name": "dev",
              "path": "/nix/store/4ipd216fp0gf459f82lp2n0s665a99cb-sqlite-3.50.4-dev"
            },
            {
              "name": "doc",
              "path": "/nix/store/q7v4sq7bvbf06fs2jmf6s0jmm210g493-sqlite-3.50.4-doc"
            },
            {
              "name": "out",
              "path": "/nix/store/dfjhk9hdzfwb5jvhsya30lk1ipz92jr9-sqlite-3.50.4"
            }
          ],
          "store_path": "/nix/store/naj6jk5rhajlk9prjkq0v8vag5yd8fjl-sqlite-3.50.4-bin"
        },
        "aarch64-linux": {
          "outputs": [
            {
              "name": "bin",
              "path": "/nix/store/xaw1543vp2kf727c8b8fli6m9j0mw44c-sqlite-3.50.4-bin",
              "default": true
            },
            {
              "name": "man",
              "path": "/nix/store/k09bnc9bblh0pwjrvkdny1c7lix3yvlp-sqlite-3.50.4-man",
              "default": true
            },
            {
              "name": "debug",
              "path": "/nix/store/j5y17qshj4qqbdgzy2y7fljjfjanj2xf-sqlite-3.50.4-debug"
            },
            {
              "name": "dev",
              "path": "/nix/store/nykv43qsw7gkpdb28b9gcy0wqafm6c8j-sqlite-3.50.4-dev"
            },
            {
              "name": "doc",
              "path": "/nix/store/bdgas1vkzcwnwdgq0ni7zmz3qxh11qk1-sqlite-3.50.4-doc"
            },
            {
              "name": "out",
              "path": "/nix/store/w77xb4741bckpz9bdslsaipxy3k074c0-sqlite-3.50.4"
            }
          ],
          "store_path": "/nix/store/xaw1543vp2kf727c8b8fli6m9j0mw44c-sqlite-3.50.4-bin"
        },
        "x86_64-darwin": {
          "outputs": [
            {
              "name": "bin",
              "path": "/nix/store/bqkgymq4b8wk70aczckyb9jjbmnc0spw-sqlite-3.50.4-bin",
              "default": true
            },
            {
              "name": "man",
              "path": "/nix/store/q2klqq4zxfjlh9qfxpwp8svgk1n9zg91-sqlite-3.50.4-man",
              "default": true
            },
            {
              "name": "dev",
              "path": "/nix/store/an098x6ri4v0zkcxwczbs7yg03ih3l96-sqlite-3.50.4-dev"
            },
            {
              "name": "doc",
              "path": "/nix/store/gznh59bz352bhzcn2y1hpyjzjd3bs9ww-sqlite-3.50.4-doc"
            },
            {
              "name": "out",
              "path": "/nix/store/22bpsfyzm7qzp8wwv8rz8sdv323glmab-sqlite-3.50.4"
            }
          ],
          "store_path": "/nix/store/bqkgymq4b8wk70aczckyb9jjbmnc0spw-sqlite-3.50.4-bin"
        },
        "x86_64-linux": {
          "outputs": [
            {
              "name": "bin",
              "path": "/nix/store/awm8pnzpcj63lb26asvjm24j4kwg4d76-sqlite-3.50.4-bin",
              "default": true
            },
            {
              "name": "man",
              "path": "/nix/store/rvwjmxc0mg3rv83y8f5vndzpy92vpgb3-sqlite-3.50.4-man",
              "default": true
            },
            {
              "name": "doc",
              "path": "/nix/store/x2zhyh4idh0ilc9hnr2yz34m2ya3d5ja-sqlite-3.50.4-doc"
            },
            {
              "name": "out",
              "path": "/nix/store/l30c488dws7z5mazacqsmj25izb9jlp2-sqlite-3.50.4"
            },
            {
              "name": "debug",
              "path": "/nix/store/1lm9qdndfww39v4vwvzcjbas70i49qvd-sqlite-3.50.4-debug"
            },
            {
              "name": "dev",
              "path": "/nix/store/na40apkxgv855bc8qpbi6gf0yvdzvnij-sqlite-3.50.4-dev"
            }
          ],
          "store_path": "/nix/store/awm8pnzpcj63lb26asvjm24j4kwg4d76-sqlite-3.50.4-bin"
        }
      }
    }
  }
}
